
Microsoft Visual Studio Solution File, Format Version 12.00
# Visual Studio Version 17
VisualStudioVersion = 17.14.36616.10
MinimumVisualStudioVersion = 10.0.40219.1
Project("{FAE04EC0-301F-11D3-BF4B-00C04F79EFBC}") = "DILIMIZINZENGINLIKLERI", "DILIMIZINZENGINLIKLERI.csproj", "{50A96D00-3218-4053-B47F-328B546BA620}"
EndProject
<<<<<<< HEAD
Project("{54435603-DBB4-11D2-8724-00A0C9A8B90C}") = "dilimizinzenginlikleri", "..\dilimizinzenginlikleri\dilimizinzenginlikleri.vdproj", "{BF8A8E3C-C8E0-2B08-9BF8-8A7C95080B75}"
=======
Project("{54435603-DBB4-11D2-8724-00A0C9A8B90C}") = "DILIMIZINZENGINLIKLERISETUP", "DILIMIZINZENGINLIKLERISETUP\DILIMIZINZENGINLIKLERISETUP.vdproj", "{63D1CB52-1DA4-C4BE-BE93-5C8F7DE03957}"
>>>>>>> 1e3164c1f27f86f5c311cb1d2252f9e69f862450
EndProject
Global
	GlobalSection(SolutionConfigurationPlatforms) = preSolution
		Debug|Any CPU = Debug|Any CPU
		Release|Any CPU = Release|Any CPU
	EndGlobalSection
	GlobalSection(ProjectConfigurationPlatforms) = postSolution
		{50A96D00-3218-4053-B47F-328B546BA620}.Debug|Any CPU.ActiveCfg = Debug|Any CPU
		{50A96D00-3218-4053-B47F-328B546BA620}.Debug|Any CPU.Build.0 = Debug|Any CPU
		{50A96D00-3218-4053-B47F-328B546BA620}.Release|Any CPU.ActiveCfg = Release|Any CPU
		{50A96D00-3218-4053-B47F-328B546BA620}.Release|Any CPU.Build.0 = Release|Any CPU
<<<<<<< HEAD
		{BF8A8E3C-C8E0-2B08-9BF8-8A7C95080B75}.Debug|Any CPU.ActiveCfg = Debug
		{BF8A8E3C-C8E0-2B08-9BF8-8A7C95080B75}.Release|Any CPU.ActiveCfg = Release
=======
		{63D1CB52-1DA4-C4BE-BE93-5C8F7DE03957}.Debug|Any CPU.ActiveCfg = Debug
		{63D1CB52-1DA4-C4BE-BE93-5C8F7DE03957}.Release|Any CPU.ActiveCfg = Release
>>>>>>> 1e3164c1f27f86f5c311cb1d2252f9e69f862450
	EndGlobalSection
	GlobalSection(SolutionProperties) = preSolution
		HideSolutionNode = FALSE
	EndGlobalSection
	GlobalSection(ExtensibilityGlobals) = postSolution
		SolutionGuid = {387E7EBB-BCEF-4841-B994-B684F2CD60D7}
	EndGlobalSection
EndGlobal
